// !$*UTF8*$!
{
	archiveVersion = 1;
	classes = {
	};
	objectVersion = 50;
	objects = {

/* Begin PBXBuildFile section */
		32E271B62581196200C21F28 /* AppDelegate.swift in Sources */ = {isa = PBXBuildFile; fileRef = 32E271B52581196200C21F28 /* AppDelegate.swift */; };
		32E271B82581196200C21F28 /* SceneDelegate.swift in Sources */ = {isa = PBXBuildFile; fileRef = 32E271B72581196200C21F28 /* SceneDelegate.swift */; };
		32E271BA2581196200C21F28 /* ViewController.swift in Sources */ = {isa = PBXBuildFile; fileRef = 32E271B92581196200C21F28 /* ViewController.swift */; };
		32E271BD2581196200C21F28 /* Main.storyboard in Resources */ = {isa = PBXBuildFile; fileRef = 32E271BB2581196200C21F28 /* Main.storyboard */; };
		32E271BF2581196500C21F28 /* Assets.xcassets in Resources */ = {isa = PBXBuildFile; fileRef = 32E271BE2581196500C21F28 /* Assets.xcassets */; };
		32E271C22581196500C21F28 /* LaunchScreen.storyboard in Resources */ = {isa = PBXBuildFile; fileRef = 32E271C02581196500C21F28 /* LaunchScreen.storyboard */; };
		32E271CD258119B000C21F28 /* CalculatorViewController.swift in Sources */ = {isa = PBXBuildFile; fileRef = 32E271CB258119B000C21F28 /* CalculatorViewController.swift */; };
		32E271CE258119B000C21F28 /* CalculatorViewController.xib in Resources */ = {isa = PBXBuildFile; fileRef = 32E271CC258119B000C21F28 /* CalculatorViewController.xib */; };
		32E271D225822C9200C21F28 /* OperationType.swift in Sources */ = {isa = PBXBuildFile; fileRef = 32E271D125822C9100C21F28 /* OperationType.swift */; };
/* End PBXBuildFile section */

/* Begin PBXFileReference section */
		32E271B22581196200C21F28 /* CalculatorProject_Swift.app */ = {isa = PBXFileReference; explicitFileType = wrapper.application; includeInIndex = 0; path = CalculatorProject_Swift.app; sourceTree = BUILT_PRODUCTS_DIR; };
		32E271B52581196200C21F28 /* AppDelegate.swift */ = {isa = PBXFileReference; lastKnownFileType = sourcecode.swift; path = AppDelegate.swift; sourceTree = "<group>"; };
		32E271B72581196200C21F28 /* SceneDelegate.swift */ = {isa = PBXFileReference; lastKnownFileType = sourcecode.swift; path = SceneDelegate.swift; sourceTree = "<group>"; };
		32E271B92581196200C21F28 /* ViewController.swift */ = {isa = PBXFileReference; lastKnownFileType = sourcecode.swift; path = ViewController.swift; sourceTree = "<group>"; };
		32E271BC2581196200C21F28 /* Base */ = {isa = PBXFileReference; lastKnownFileType = file.storyboard; name = Base; path = Base.lproj/Main.storyboard; sourceTree = "<group>"; };
		32E271BE2581196500C21F28 /* Assets.xcassets */ = {isa = PBXFileReference; lastKnownFileType = folder.assetcatalog; path = Assets.xcassets; sourceTree = "<group>"; };
		32E271C12581196500C21F28 /* Base */ = {isa = PBXFileReference; lastKnownFileType = file.storyboard; name = Base; path = Base.lproj/LaunchScreen.storyboard; sourceTree = "<group>"; };
		32E271C32581196500C21F28 /* Info.plist */ = {isa = PBXFileReference; lastKnownFileType = text.plist.xml; path = Info.plist; sourceTree = "<group>"; };
		32E271CB258119B000C21F28 /* CalculatorViewController.swift */ = {isa = PBXFileReference; lastKnownFileType = sourcecode.swift; path = CalculatorViewController.swift; sourceTree = "<group>"; };
		32E271CC258119B000C21F28 /* CalculatorViewController.xib */ = {isa = PBXFileReference; lastKnownFileType = file.xib; path = CalculatorViewController.xib; sourceTree = "<group>"; };
		32E271D125822C9100C21F28 /* OperationType.swift */ = {isa = PBXFileReference; lastKnownFileType = sourcecode.swift; path = OperationType.swift; sourceTree = "<group>"; };
/* End PBXFileReference section */

/* Begin PBXFrameworksBuildPhase section */
		32E271AF2581196200C21F28 /* Frameworks */ = {
			isa = PBXFrameworksBuildPhase;
			buildActionMask = 2147483647;
			files = (
			);
			runOnlyForDeploymentPostprocessing = 0;
		};
/* End PBXFrameworksBuildPhase section */

/* Begin PBXGroup section */
		32E271A92581196200C21F28 = {
			isa = PBXGroup;
			children = (
				32E271B42581196200C21F28 /* CalculatorProject_Swift */,
				32E271B32581196200C21F28 /* Products */,
			);
			sourceTree = "<group>";
		};
		32E271B32581196200C21F28 /* Products */ = {
			isa = PBXGroup;
			children = (
				32E271B22581196200C21F28 /* CalculatorProject_Swift.app */,
			);
			name = Products;
			sourceTree = "<group>";
		};
		32E271B42581196200C21F28 /* CalculatorProject_Swift */ = {
			isa = PBXGroup;
			children = (
				32E271B52581196200C21F28 /* AppDelegate.swift */,
				32E271B72581196200C21F28 /* SceneDelegate.swift */,
				32E271BB2581196200C21F28 /* Main.storyboard */,
				32E271BE2581196500C21F28 /* Assets.xcassets */,
				32E271CA2581197200C21F28 /* ViewControllers */,
				32E271D025822C6200C21F28 /* Model */,
				32E271C02581196500C21F28 /* LaunchScreen.storyboard */,
				32E271C32581196500C21F28 /* Info.plist */,
			);
			path = CalculatorProject_Swift;
			sourceTree = "<group>";
		};
		32E271CA2581197200C21F28 /* ViewControllers */ = {
			isa = PBXGroup;
			children = (
				32E271B92581196200C21F28 /* ViewController.swift */,
				32E271CB258119B000C21F28 /* CalculatorViewController.swift */,
				32E271CC258119B000C21F28 /* CalculatorViewController.xib */,
			);
			name = ViewControllers;
			sourceTree = "<group>";
		};
		32E271D025822C6200C21F28 /* Model */ = {
			isa = PBXGroup;
			children = (
				32E271D125822C9100C21F28 /* OperationType.swift */,
			);
			name = Model;
			sourceTree = "<group>";
		};
/* End PBXGroup section */

/* Begin PBXNativeTarget section */
		32E271B12581196200C21F28 /* CalculatorProject_Swift */ = {
			isa = PBXNativeTarget;
			buildConfigurationList = 32E271C62581196500C21F28 /* Build configuration list for PBXNativeTarget "CalculatorProject_Swift" */;
			buildPhases = (
				32E271AE2581196200C21F28 /* Sources */,
				32E271AF2581196200C21F28 /* Frameworks */,
				32E271B02581196200C21F28 /* Resources */,
			);
			buildRules = (
			);
			dependencies = (
			);
			name = CalculatorProject_Swift;
			productName = CalculatorProject_Swift;
			productReference = 32E271B22581196200C21F28 /* CalculatorProject_Swift.app */;
			productType = "com.apple.product-type.application";
		};
/* End PBXNativeTarget section */

/* Begin PBXProject section */
		32E271AA2581196200C21F28 /* Project object */ = {
			isa = PBXProject;
			attributes = {
				LastSwiftUpdateCheck = 1220;
				LastUpgradeCheck = 1220;
				TargetAttributes = {
					32E271B12581196200C21F28 = {
						CreatedOnToolsVersion = 12.2;
					};
				};
			};
			buildConfigurationList = 32E271AD2581196200C21F28 /* Build configuration list for PBXProject "CalculatorProject_Swift" */;
			compatibilityVersion = "Xcode 9.3";
			developmentRegion = en;
			hasScannedForEncodings = 0;
			knownRegions = (
				en,
				Base,
			);
			mainGroup = 32E271A92581196200C21F28;
			productRefGroup = 32E271B32581196200C21F28 /* Products */;
			projectDirPath = "";
			projectRoot = "";
			targets = (
				32E271B12581196200C21F28 /* CalculatorProject_Swift */,
			);
		};
/* End PBXProject section */

/* Begin PBXResourcesBuildPhase section */
		32E271B02581196200C21F28 /* Resources */ = {
			isa = PBXResourcesBuildPhase;
			buildActionMask = 2147483647;
			files = (
				32E271C22581196500C21F28 /* LaunchScreen.storyboard in Resources */,
				32E271BF2581196500C21F28 /* Assets.xcassets in Resources */,
				32E271CE258119B000C21F28 /* CalculatorViewController.xib in Resources */,
				32E271BD2581196200C21F28 /* Main.storyboard in Resources */,
			);
			runOnlyForDeploymentPostprocessing = 0;
		};
/* End PBXResourcesBuildPhase section */

/* Begin PBXSourcesBuildPhase section */
		32E271AE2581196200C21F28 /* Sources */ = {
			isa = PBXSourcesBuildPhase;
			buildActionMask = 2147483647;
			files = (
				32E271BA2581196200C21F28 /* ViewController.swift in Sources */,
				32E271B62581196200C21F28 /* AppDelegate.swift in Sources */,
				32E271CD258119B000C21F28 /* CalculatorViewController.swift in Sources */,
				32E271D225822C9200C21F28 /* OperationType.swift in Sources */,
				32E271B82581196200C21F28 /* SceneDelegate.swift in Sources */,
			);
			runOnlyForDeploymentPostprocessing = 0;
		};
/* End PBXSourcesBuildPhase section */

/* Begin PBXVariantGroup section */
		32E271BB2581196200C21F28 /* Main.storyboard */ = {
			isa = PBXVariantGroup;
			children = (
				32E271BC2581196200C21F28 /* Base */,
			);
			name = Main.storyboard;
			sourceTree = "<group>";
		};
		32E271C02581196500C21F28 /* LaunchScreen.storyboard */ = {
			isa = PBXVariantGroup;
			children = (
				32E271C12581196500C21F28 /* Base */,
			);
			name = LaunchScreen.storyboard;
			sourceTree = "<group>";
		};
/* End PBXVariantGroup section */

/* Begin XCBuildConfiguration section */
		32E271C42581196500C21F28 /* Debug */ = {
			isa = XCBuildConfiguration;
			buildSettings = {
				ALWAYS_SEARCH_USER_PATHS = NO;
				CLANG_ANALYZER_NONNULL = YES;
				CLANG_ANALYZER_NUMBER_OBJECT_CONVERSION = YES_AGGRESSIVE;
				CLANG_CXX_LANGUAGE_STANDARD = "gnu++14";
				CLANG_CXX_LIBRARY = "libc++";
				CLANG_ENABLE_MODULES = YES;
				CLANG_ENABLE_OBJC_ARC = YES;
				CLANG_ENABLE_OBJC_WEAK = YES;
				CLANG_WARN_BLOCK_CAPTURE_AUTORELEASING = YES;
				CLANG_WARN_BOOL_CONVERSION = YES;
				CLANG_WARN_COMMA = YES;
				CLANG_WARN_CONSTANT_CONVERSION = YES;
				CLANG_WARN_DEPRECATED_OBJC_IMPLEMENTATIONS = YES;
				CLANG_WARN_DIRECT_OBJC_ISA_USAGE = YES_ERROR;
				CLANG_WARN_DOCUMENTATION_COMMENTS = YES;
				CLANG_WARN_EMPTY_BODY = YES;
				CLANG_WARN_ENUM_CONVERSION = YES;
				CLANG_WARN_INFINITE_RECURSION = YES;
				CLANG_WARN_INT_CONVERSION = YES;
				CLANG_WARN_NON_LITERAL_NULL_CONVERSION = YES;
				CLANG_WARN_OBJC_IMPLICIT_RETAIN_SELF = YES;
				CLANG_WARN_OBJC_LITERAL_CONVERSION = YES;
				CLANG_WARN_OBJC_ROOT_CLASS = YES_ERROR;
				CLANG_WARN_QUOTED_INCLUDE_IN_FRAMEWORK_HEADER = YES;
				CLANG_WARN_RANGE_LOOP_ANALYSIS = YES;
				CLANG_WARN_STRICT_PROTOTYPES = YES;
				CLANG_WARN_SUSPICIOUS_MOVE = YES;
				CLANG_WARN_UNGUARDED_AVAILABILITY = YES_AGGRESSIVE;
				CLANG_WARN_UNREACHABLE_CODE = YES;
				CLANG_WARN__DUPLICATE_METHOD_MATCH = YES;
				COPY_PHASE_STRIP = NO;
				DEBUG_INFORMATION_FORMAT = dwarf;
				ENABLE_STRICT_OBJC_MSGSEND = YES;
				ENABLE_TESTABILITY = YES;
				GCC_C_LANGUAGE_STANDARD = gnu11;
				GCC_DYNAMIC_NO_PIC = NO;
				GCC_NO_COMMON_BLOCKS = YES;
				GCC_OPTIMIZATION_LEVEL = 0;
				GCC_PREPROCESSOR_DEFINITIONS = (
					"DEBUG=1",
					"$(inherited)",
				);
				GCC_WARN_64_TO_32_BIT_CONVERSION = YES;
				GCC_WARN_ABOUT_RETURN_TYPE = YES_ERROR;
				GCC_WARN_UNDECLARED_SELECTOR = YES;
				GCC_WARN_UNINITIALIZED_AUTOS = YES_AGGRESSIVE;
				GCC_WARN_UNUSED_FUNCTION = YES;
				GCC_WARN_UNUSED_VARIABLE = YES;
				IPHONEOS_DEPLOYMENT_TARGET = 14.2;
				MTL_ENABLE_DEBUG_INFO = INCLUDE_SOURCE;
				MTL_FAST_MATH = YES;
				ONLY_ACTIVE_ARCH = YES;
				SDKROOT = iphoneos;
				SWIFT_ACTIVE_COMPILATION_CONDITIONS = DEBUG;
				SWIFT_OPTIMIZATION_LEVEL = "-Onone";
			};
			name = Debug;
		};
		32E271C52581196500C21F28 /* Release */ = {
			isa = XCBuildConfiguration;
			buildSettings = {
				ALWAYS_SEARCH_USER_PATHS = NO;
				CLANG_ANALYZER_NONNULL = YES;
				CLANG_ANALYZER_NUMBER_OBJECT_CONVERSION = YES_AGGRESSIVE;
				CLANG_CXX_LANGUAGE_STANDARD = "gnu++14";
				CLANG_CXX_LIBRARY = "libc++";
				CLANG_ENABLE_MODULES = YES;
				CLANG_ENABLE_OBJC_ARC = YES;
				CLANG_ENABLE_OBJC_WEAK = YES;
				CLANG_WARN_BLOCK_CAPTURE_AUTORELEASING = YES;
				CLANG_WARN_BOOL_CONVERSION = YES;
				CLANG_WARN_COMMA = YES;
				CLANG_WARN_CONSTANT_CONVERSION = YES;
				CLANG_WARN_DEPRECATED_OBJC_IMPLEMENTATIONS = YES;
				CLANG_WARN_DIRECT_OBJC_ISA_USAGE = YES_ERROR;
				CLANG_WARN_DOCUMENTATION_COMMENTS = YES;
				CLANG_WARN_EMPTY_BODY = YES;
				CLANG_WARN_ENUM_CONVERSION = YES;
				CLANG_WARN_INFINITE_RECURSION = YES;
				CLANG_WARN_INT_CONVERSION = YES;
				CLANG_WARN_NON_LITERAL_NULL_CONVERSION = YES;
				CLANG_WARN_OBJC_IMPLICIT_RETAIN_SELF = YES;
				CLANG_WARN_OBJC_LITERAL_CONVERSION = YES;
				CLANG_WARN_OBJC_ROOT_CLASS = YES_ERROR;
				CLANG_WARN_QUOTED_INCLUDE_IN_FRAMEWORK_HEADER = YES;
				CLANG_WARN_RANGE_LOOP_ANALYSIS = YES;
				CLANG_WARN_STRICT_PROTOTYPES = YES;
				CLANG_WARN_SUSPICIOUS_MOVE = YES;
				CLANG_WARN_UNGUARDED_AVAILABILITY = YES_AGGRESSIVE;
				CLANG_WARN_UNREACHABLE_CODE = YES;
				CLANG_WARN__DUPLICATE_METHOD_MATCH = YES;
				COPY_PHASE_STRIP = NO;
				DEBUG_INFORMATION_FORMAT = "dwarf-with-dsym";
				ENABLE_NS_ASSERTIONS = NO;
				ENABLE_STRICT_OBJC_MSGSEND = YES;
				GCC_C_LANGUAGE_STANDARD = gnu11;
				GCC_NO_COMMON_BLOCKS = YES;
				GCC_WARN_64_TO_32_BIT_CONVERSION = YES;
				GCC_WARN_ABOUT_RETURN_TYPE = YES_ERROR;
				GCC_WARN_UNDECLARED_SELECTOR = YES;
				GCC_WARN_UNINITIALIZED_AUTOS = YES_AGGRESSIVE;
				GCC_WARN_UNUSED_FUNCTION = YES;
				GCC_WARN_UNUSED_VARIABLE = YES;
				IPHONEOS_DEPLOYMENT_TARGET = 14.2;
				MTL_ENABLE_DEBUG_INFO = NO;
				MTL_FAST_MATH = YES;
				SDKROOT = iphoneos;
				SWIFT_COMPILATION_MODE = wholemodule;
				SWIFT_OPTIMIZATION_LEVEL = "-O";
				VALIDATE_PRODUCT = YES;
			};
			name = Release;
		};
		32E271C72581196500C21F28 /* Debug */ = {
			isa = XCBuildConfiguration;
			buildSettings = {
				ASSETCATALOG_COMPILER_APPICON_NAME = AppIcon;
				ASSETCATALOG_COMPILER_GLOBAL_ACCENT_COLOR_NAME = AccentColor;
				CODE_SIGN_STYLE = Automatic;
				INFOPLIST_FILE = CalculatorProject_Swift/Info.plist;
				LD_RUNPATH_SEARCH_PATHS = (
					"$(inherited)",
					"@executable_path/Frameworks",
				);
				PRODUCT_BUNDLE_IDENTIFIER = "com.jb7720.CalculatorProject-Swift";
				PRODUCT_NAME = "$(TARGET_NAME)";
				SWIFT_VERSION = 5.0;
				TARGETED_DEVICE_FAMILY = "1,2";
			};
			name = Debug;
		};
		32E271C82581196500C21F28 /* Release */ = {
			isa = XCBuildConfiguration;
			buildSettings = {
				ASSETCATALOG_COMPILER_APPICON_NAME = AppIcon;
				ASSETCATALOG_COMPILER_GLOBAL_ACCENT_COLOR_NAME = AccentColor;
				CODE_SIGN_STYLE = Automatic;
				INFOPLIST_FILE = CalculatorProject_Swift/Info.plist;
				LD_RUNPATH_SEARCH_PATHS = (
					"$(inherited)",
					"@executable_path/Frameworks",
				);
				PRODUCT_BUNDLE_IDENTIFIER = "com.jb7720.CalculatorProject-Swift";
				PRODUCT_NAME = "$(TARGET_NAME)";
				SWIFT_VERSION = 5.0;
				TARGETED_DEVICE_FAMILY = "1,2";
			};
			name = Release;
		};
/* End XCBuildConfiguration section */

/* Begin XCConfigurationList section */
		32E271AD2581196200C21F28 /* Build configuration list for PBXProject "CalculatorProject_Swift" */ = {
			isa = XCConfigurationList;
			buildConfigurations = (
				32E271C42581196500C21F28 /* Debug */,
				32E271C52581196500C21F28 /* Release */,
			);
			defaultConfigurationIsVisible = 0;
			defaultConfigurationName = Release;
		};
		32E271C62581196500C21F28 /* Build configuration list for PBXNativeTarget "CalculatorProject_Swift" */ = {
			isa = XCConfigurationList;
			buildConfigurations = (
				32E271C72581196500C21F28 /* Debug */,
				32E271C82581196500C21F28 /* Release */,
			);
			defaultConfigurationIsVisible = 0;
			defaultConfigurationName = Release;
		};
/* End XCConfigurationList section */
	};
	rootObject = 32E271AA2581196200C21F28 /* Project object */;
}
